lockfileVersion: '9.0'

settings:
  autoInstallPeers: true
  excludeLinksFromLockfile: false

importers:

  .:
    dependencies:
      '@yunzone-infer/contracts':
        specifier: workspace:*
        version: link:../contracts
      ws:
        specifier: ^8.21.3
        version: 8.21.3
      yunzone-service-kit:
        specifier: ^0.25.0
        version: 0.25.0(zod@4.5.4)
      zod:
        specifier: ^4
        version: 4.5.4

packages:

  '@aws-sdk/checksums@3.1000.29':
    resolution: {integrity: sha512-Dtu0gr4dnATZAPwEYbpCsG+MpLM7OAliy2gTepEFQwl1vZ6DL3QMH2FveMa3HLvPsOdhJsPRB3KtxVhph9T75A==}
    engines: {node: '>=20.0.0'}

  '@aws-sdk/client-s3@3.1127.0':
    resolution: {integrity: sha512-0ZSAgmEda33xPqVPt+bx2KzrXV1cUCKRRVPGliLu+V7DzHPa04CqPSi1maGEM4O0LDP0iI6HRSW5ULloNwayNw==}
    engines: {node: '>=20.0.0'}

  '@aws-sdk/core@3.977.9':
    resolution: {integrity: sha512-reqPFEQrZxDZpeGj4PFMepBeR5LGYHRqq/L0motTzgFkCRBA4rFdaVXDSLYyGHhxVz7sT2PDnPN9CluGSfgyJA==}
    engines: {node: '>=20.0.0'}

  '@aws-sdk/credential-provider-env@3.972.70':
    resolution: {integrity: sha512-H404B7dJl2mCrBqahDEYsanB0xhdDp6tXnXcTUnXmmpy2Q3J0Ho0bUajZ2jr/RdwzCyS59Gi8xXIFwPLGBl6Uw==}
    engines: {node: '>=20.0.0'}

  '@aws-sdk/credential-provider-http@3.972.72':
    resolution: {integrity: sha512-X98zYOrVOeuosCX+6ktf29FC2N2GHPLia7qv6mzPzTc+RPAuHWCDS++Z6JK7eGYqb/v6uaW7bAXaOvDBfol+0w==}
    engines: {node: '>=20.0.0'}

  '@aws-sdk/credential-provider-ini@3.973.15':
    resolution: {integrity: sha512-Rykg6s5ceBuynMOGWgoowO4N+27JfnqXAnVaSunZl0hOO1XodSrxGNz6sCEbnmS0lAfQZDKyb3fbr46gSuv6Sg==}
    engines: {node: '>=20.0.0'}

  '@aws-sdk/credential-provider-login@3.972.77':
    resolution: {integrity: sha512-Jb59xfEISoN5mmbnA+HYqdtrSX3CgCtJoof+V5D8/TgUI56W63GEEd5Y58WijU3Ou6+WEgaLD1feVzaRXV5IDQ==}
    engines: {node: '>=20.0.0'}

  '@aws-sdk/credential-provider-node@3.972.82':
    resolution: {integrity: sha512-znDkEOGXB8W3kG1LJUKP3foBZY/9qLM0eil/DxWXSp37XsdsRLQHE/d/OaCGGVgKpA6znR38h/+INk8do1FjiA==}
    engines: {node: '>=20.0.0'}

  '@aws-sdk/credential-provider-process@3.972.70':
    resolution: {integrity: sha512-2ry03fGRJr4sV3jI+ocjj5JqALnFD6ymM5KiNCDZMvq8bX2GSbE0vji4aM43TVCl2nXqqLRZaUxdq/KeWRAY4Q==}
    engines: {node: '>=20.0.0'}

  '@aws-sdk/credential-provider-sso@3.973.14':
    resolution: {integrity: sha512-jkhg/8ocAAoc0RFyLMhCw+/zZh7gystQgd4F4hznNa8P4Cc501PQmxd+jGLiMHodPJ+7Zv/3znM62gZojyasmA==}
    engines: {node: '>=20.0.0'}

  '@aws-sdk/credential-provider-web-identity@3.972.76':
    resolution: {integrity: sha512-d3AGyVu759PGr35mEB2s22xxlNEA5rpdxtSPJthfPFJvoQ8dt357iVPECqWfUxXp1toJAvKmbtcIYVGigaGsCA==}
    engines: {node: '>=20.0.0'}

  '@aws-sdk/middleware-sdk-s3@3.972.75':
    resolution: {integrity: sha512-wMIsNumRVKaNMKhvU/s9VrdEwE8S6gSzXp4RygFG5BEMnGkkXf8cjh8zf7cKJBpUDpqTWqwbz5isEgp9rH6Lng==}
    engines: {node: '>=20.0.0'}

  '@aws-sdk/nested-clients@3.997.44':
    resolution: {integrity: sha512-NhEgryjlBF9w38ZXqGymQV28IhkYa1mKhlbYnqIis57AYwWGVYfUPgg/qC2rLRqOUfblxx++irvju10kVTa8Vw==}
    engines: {node: '>=20.0.0'}

  '@aws-sdk/s3-request-presigner@3.1127.0':
    resolution: {integrity: sha512-vl3WBaE2fMqfnEhyqulKT6ZIPNsCR2caCps92tyt1yGfLVlDXScSXBDXf4m3E2ejXBb4pplX0EdwBukJyBXtBg==}
    engines: {node: '>=20.0.0'}

  '@aws-sdk/signature-v4-multi-region@3.996.46':
    resolution: {integrity: sha512-L+2xZTye/2T96f3lwCws0Zw6GG2JHZW9e8FpVgGBeeExSKyeoZ6CWRpBml/7DNiK/O26jrgPM9F+Ay8VkgzUWQ==}
    engines: {node: '>=20.0.0'}

  '@aws-sdk/token-providers@3.1116.0':
    resolution: {integrity: sha512-ygIivKqh8aHzNkucOCXHyIBgBpLPfrSI0mCqXF+vLBsPTUKqj0VSqAY0GFPe7lQl4HntjOcQ+KSyS7oUV2C54Q==}
    engines: {node: '>=20.0.0'}

  '@aws-sdk/types@3.974.5':
    resolution: {integrity: sha512-LkwLL2BLbC6wNNm4JaH9mbEqBMdOZCct6VAYqhdN4U1xrWM+fUJQEfbHwQgDypapOWTRtlk25akb5afM0P8CIQ==}
    engines: {node: '>=20.0.0'}

  '@aws-sdk/xml-builder@3.972.40':
    resolution: {integrity: sha512-wlFmCIGUlwF4zx/kncw+bmxTQh1HeSJq4mYV/V5cZUSJadDP3kXvGW8Rn21cimj/7y9ju+47oYWXi97vF7czaA==}
    engines: {node: '>=20.0.0'}

  '@aws/lambda-invoke-store@0.3.0':
    resolution: {integrity: sha512-sl4Bm6yiMNYrZKkqqDFWN0UfnWhlS8ivKxrYl+6t0gCLrqr8y3B2IqZZbFRkfaVVp7C/baApyh71P+LeE1A2sQ==}
    engines: {node: '>=18.0.0'}

  '@smithy/core@3.33.3':
    resolution: {integrity: sha512-CsOeKq/9kA3y6VJHt+/+VTCtBaxJ4OTFpgrjIUhPpDIKxBci1k2bJaQASF2h/ELWrulGp+t97DZ0mevfAD8idg==}
    engines: {node: '>=18.0.0'}

  '@smithy/credential-provider-imds@4.5.2':
    resolution: {integrity: sha512-A9uSdn72ozbRUSit0eib0TW7nXuNPlaeM0zcGkJ+nE6tFcSDbnmtwoxbTCFBukVQcszDAyvsd7+rTduPTXpygg==}
    engines: {node: '>=18.0.0'}

  '@smithy/fetch-http-handler@5.8.0':
    resolution: {integrity: sha512-ycSJu3tFAQ4v04CBB0agqFMVsSQ1iG3yw+SpgxRqKfaURpQD4CZ8Wn0zPMmSnOuTpTh65Vz+EA0rMrw089wvkA==}
    engines: {node: '>=18.0.0'}

  '@smithy/node-http-handler@4.12.1':
    resolution: {integrity: sha512-ThMkboGeONWXAelq9FvGsuJC4rOi+qyC4/zhUF58xYpxUg5sQKx2VXZYJmtNjr4dSuBJ1HeJXETQILCz3wOHvw==}
    engines: {node: '>=18.0.0'}

  '@smithy/signature-v4@5.7.3':
    resolution: {integrity: sha512-7ImGm+FkHRLcBaRttIAMZ6bzJZWb2cJGoYjq46F2UjycujWzrL9GEN9h4w7eQyXJYnltrUhxbbieBAIRrdqpow==}
    engines: {node: '>=18.0.0'}

  '@smithy/types@4.18.0':
    resolution: {integrity: sha512-CgB6HHWer/vrKps24ulRIbpcpb7K4xAU7SkZ7YHzBPlwHsvsrCJFEXK421s+cJzX+ZrqtA/TuU5w1HzI7k9N8A==}
    engines: {node: '>=18.0.0'}

  bowser@2.14.1:
    resolution: {integrity: sha512-tzPjzCxygAKWFOJP011oxFHs57HzIhOEracIgAePE4pqB3LikALKnSzUyU4MGs9/iCEUuHlAJTjTc5M+u7YEGg==}

  pg-cloudflare@1.4.0:
    resolution: {integrity: sha512-Vo7z/6rrQYxpNRylp4Tlob2elzbh+N/MOQbxFVWCxS7oEx6jF53GTJFxK2WWpKuBRkmiin4Mt+xofFDjx09R0A==}

  pg-connection-string@2.14.0:
    resolution: {integrity: sha512-XwWDGcLRGCXAR8F/AM5bG7Q+A3Wm2s6QeEjlOKZLlH3UYcguiqCWKyWXVag5TLTIjR7oOJUY8kcADaZgWPyLeg==}

  pg-int8@1.0.1:
    resolution: {integrity: sha512-WCtabS6t3c8SkpDBUlb1kjOs7l66xsGdKpIPZsg4wR+B3+u9UAum2odSsF9tnvxg80h4ZxLWMy4pRjOsFIqQpw==}
    engines: {node: '>=4.0.0'}

  pg-pool@3.14.0:
    resolution: {integrity: sha512-gKtPkFdQPU3DksooVLi9LsjZxrsBUZIpa+7aVx+LV5pNh0KzP4Zleud2po+ConrxbuXGBJ6Hfer6hdgpIBpBaw==}
    peerDependencies:
      pg: '>=8.0'

  pg-protocol@1.16.0:
    resolution: {integrity: sha512-sILXutLVjCLjcDuOmvhX5e2Z4cS5qG/6Bu3VkpFwdf/633ElGLpEh9bgmuI5I4sqKqkifQiGyiCcx1HdtrK7tg==}

  pg-types@2.2.0:
    resolution: {integrity: sha512-qTAAlrEsl8s4OiEQY69wDvcMIdQN6wdz5ojQiOy6YRMuynxenON0O5oCpJI6lshc6scgAY8qvJ2On/p+CXY0GA==}
    engines: {node: '>=4'}

  pg@8.23.0:
    resolution: {integrity: sha512-Ip2EQCngowJLGOfCwkFhPXU7/ljlhn6Rxlmy4XYfL2Y+vyRM59+8uR2xqRWKdYmbXmxCFOAmKxBuSUCdF34qLg==}
    engines: {node: '>= 16.0.0'}
    peerDependencies:
      pg-native: '>=3.0.1'
    peerDependenciesMeta:
      pg-native:
        optional: true

  pgpass@1.0.5:
    resolution: {integrity: sha512-FdW9r/jQZhSeohs1Z3sI1yxFQNFvMcnmfuj4WBMUTxOrAyLMaTcE1aAMBiTlbMNaXvBCQuVi0R7hd8udDSP7ug==}

  postgres-array@2.0.0:
    resolution: {integrity: sha512-VpZrUqU5A69eQyW2c5CA1jtLecCsN2U/bD6VilrFDWq5+5UIEVO7nazS3TEcHf1zuPYO/sqGvUvW62g86RXZuA==}
    engines: {node: '>=4'}

  postgres-bytea@1.0.1:
    resolution: {integrity: sha512-5+5HqXnsZPE65IJZSMkZtURARZelel2oXUEO8rH83VS/hxH5vv1uHquPg5wZs8yMAfdv971IU+kcPUczi7NVBQ==}
    engines: {node: '>=0.10.0'}

  postgres-date@1.0.7:
    resolution: {integrity: sha512-suDmjLVQg78nMK2UZ454hAG+OAW+HQPZ6n++TNDUX+L0+uUlLywnoxJKDou51Zm+zTCjrCl0Nq6J9C5hP9vK/Q==}
    engines: {node: '>=0.10.0'}

  postgres-interval@1.2.0:
    resolution: {integrity: sha512-9ZhXKM/rw350N1ovuWHbGxnGh/SNJ4cnxHiM0rxE4VN41wsg8P8zWn9hv/buK00RP4WvlOyr/RBDiptyxVbkZQ==}
    engines: {node: '>=0.10.0'}

  split2@4.2.0:
    resolution: {integrity: sha512-UcjcJOWknrNkF6PLX83qcHM6KHgVKNkV62Y8a5uYDVv9ydGQVwAHMKqHdJje1VTWpljG0WYpCDhrCdAOYH4TWg==}
    engines: {node: '>= 10.x'}

  tslib@2.8.1:
    resolution: {integrity: sha512-oJFu94HQb+KVduSUQL7wnpmqnfmLsOA/nAh6b6EH0wCEoK0/mPeXU6c3wKDV83MkOuHPRHtSXKKU99IBazS/2w==}

  ws@8.21.3:
    resolution: {integrity: sha512-201TZ/kPWxoPr/OKWjquZR1SWKXcvxdH+e1xrx89b3YbmzLMFCLfnaG1HFIgWzJOEWZ7MvpK++odZufgYR50Rw==}
    engines: {node: '>=10.0.0'}
    peerDependencies:
      bufferutil: ^4.0.1
      utf-8-validate: '>=5.0.2'
    peerDependenciesMeta:
      bufferutil:
        optional: true
      utf-8-validate:
        optional: true

  xtend@4.0.2:
    resolution: {integrity: sha512-LKYU1iAXJXUgAXn9URjiu+MWhyUXHsvfp7mcuYm9dSUKK0/CjtrUwFAxD82/mCWbtLsGjFIad0wIsod4zrTAEQ==}
    engines: {node: '>=0.4'}

  yunzone-service-kit@0.25.0:
    resolution: {integrity: sha512-3J+aNBgnvWGQl8HNW6tKfvpolqIosumJUfnSOKDoEaaHtjUJDiK03Gb1IuJWNGx3Wy9v3bQLobqAf3xaqT7zTA==}
    engines: {node: '>=18'}
    peerDependencies:
      next: '>=14'
      zod: ^4
    peerDependenciesMeta:
      next:
        optional: true

  zod@4.5.4:
    resolution: {integrity: sha512-sC95tT5iHHH9gtpj6A81kh+NEaRAUFN+qlUPDUbRfOMvNf5QCBqsb3WgvnpVtK5Y+4UfA6KqufotuTvMGiTlsA==}

snapshots:

  '@aws-sdk/checksums@3.1000.29':
    dependencies:
      '@aws-sdk/core': 3.977.9
      '@aws-sdk/types': 3.974.5
      '@smithy/core': 3.33.3
      '@smithy/types': 4.18.0
      tslib: 2.8.1

  '@aws-sdk/client-s3@3.1127.0':
    dependencies:
      '@aws-sdk/checksums': 3.1000.29
      '@aws-sdk/core': 3.977.9
      '@aws-sdk/credential-provider-node': 3.972.82
      '@aws-sdk/middleware-sdk-s3': 3.972.75
      '@aws-sdk/signature-v4-multi-region': 3.996.46
      '@aws-sdk/types': 3.974.5
      '@smithy/core': 3.33.3
      '@smithy/fetch-http-handler': 5.8.0
      '@smithy/node-http-handler': 4.12.1
      '@smithy/types': 4.18.0
      tslib: 2.8.1

  '@aws-sdk/core@3.977.9':
    dependencies:
      '@aws-sdk/types': 3.974.5
      '@aws-sdk/xml-builder': 3.972.40
      '@aws/lambda-invoke-store': 0.3.0
      '@smithy/core': 3.33.3
      '@smithy/signature-v4': 5.7.3
      '@smithy/types': 4.18.0
      bowser: 2.14.1
      tslib: 2.8.1

  '@aws-sdk/credential-provider-env@3.972.70':
    dependencies:
      '@aws-sdk/core': 3.977.9
      '@aws-sdk/types': 3.974.5
      '@smithy/core': 3.33.3
      '@smithy/types': 4.18.0
      tslib: 2.8.1

  '@aws-sdk/credential-provider-http@3.972.72':
    dependencies:
      '@aws-sdk/core': 3.977.9
      '@aws-sdk/types': 3.974.5
      '@smithy/core': 3.33.3
      '@smithy/fetch-http-handler': 5.8.0
      '@smithy/node-http-handler': 4.12.1
      '@smithy/types': 4.18.0
      tslib: 2.8.1

  '@aws-sdk/credential-provider-ini@3.973.15':
    dependencies:
      '@aws-sdk/core': 3.977.9
      '@aws-sdk/credential-provider-env': 3.972.70
      '@aws-sdk/credential-provider-http': 3.972.72
      '@aws-sdk/credential-provider-login': 3.972.77
      '@aws-sdk/credential-provider-process': 3.972.70
      '@aws-sdk/credential-provider-sso': 3.973.14
      '@aws-sdk/credential-provider-web-identity': 3.972.76
      '@aws-sdk/nested-clients': 3.997.44
      '@aws-sdk/types': 3.974.5
      '@smithy/core': 3.33.3
      '@smithy/credential-provider-imds': 4.5.2
      '@smithy/types': 4.18.0
      tslib: 2.8.1

  '@aws-sdk/credential-provider-login@3.972.77':
    dependencies:
      '@aws-sdk/core': 3.977.9
      '@aws-sdk/nested-clients': 3.997.44
      '@aws-sdk/types': 3.974.5
      '@smithy/core': 3.33.3
      '@smithy/types': 4.18.0
      tslib: 2.8.1

  '@aws-sdk/credential-provider-node@3.972.82':
    dependencies:
      '@aws-sdk/credential-provider-env': 3.972.70
      '@aws-sdk/credential-provider-http': 3.972.72
      '@aws-sdk/credential-provider-ini': 3.973.15
      '@aws-sdk/credential-provider-process': 3.972.70
      '@aws-sdk/credential-provider-sso': 3.973.14
      '@aws-sdk/credential-provider-web-identity': 3.972.76
      '@aws-sdk/types': 3.974.5
      '@smithy/core': 3.33.3
      '@smithy/credential-provider-imds': 4.5.2
      '@smithy/types': 4.18.0
      tslib: 2.8.1

  '@aws-sdk/credential-provider-process@3.972.70':
    dependencies:
      '@aws-sdk/core': 3.977.9
      '@aws-sdk/types': 3.974.5
      '@smithy/core': 3.33.3
      '@smithy/types': 4.18.0
      tslib: 2.8.1

  '@aws-sdk/credential-provider-sso@3.973.14':
    dependencies:
      '@aws-sdk/core': 3.977.9
      '@aws-sdk/nested-clients': 3.997.44
      '@aws-sdk/token-providers': 3.1116.0
      '@aws-sdk/types': 3.974.5
      '@smithy/core': 3.33.3
      '@smithy/types': 4.18.0
      tslib: 2.8.1

  '@aws-sdk/credential-provider-web-identity@3.972.76':
    dependencies:
      '@aws-sdk/core': 3.977.9
      '@aws-sdk/nested-clients': 3.997.44
      '@aws-sdk/types': 3.974.5
      '@smithy/core': 3.33.3
      '@smithy/types': 4.18.0
      tslib: 2.8.1

  '@aws-sdk/middleware-sdk-s3@3.972.75':
    dependencies:
      '@aws-sdk/core': 3.977.9
      '@aws-sdk/signature-v4-multi-region': 3.996.46
      '@aws-sdk/types': 3.974.5
      '@smithy/core': 3.33.3
      '@smithy/types': 4.18.0
      tslib: 2.8.1

  '@aws-sdk/nested-clients@3.997.44':
    dependencies:
      '@aws-sdk/core': 3.977.9
      '@aws-sdk/signature-v4-multi-region': 3.996.46
      '@aws-sdk/types': 3.974.5
      '@smithy/core': 3.33.3
      '@smithy/fetch-http-handler': 5.8.0
      '@smithy/node-http-handler': 4.12.1
      '@smithy/types': 4.18.0
      tslib: 2.8.1

  '@aws-sdk/s3-request-presigner@3.1127.0':
    dependencies:
      '@aws-sdk/core': 3.977.9
      '@aws-sdk/signature-v4-multi-region': 3.996.46
      '@aws-sdk/types': 3.974.5
      '@smithy/core': 3.33.3
      '@smithy/types': 4.18.0
      tslib: 2.8.1

  '@aws-sdk/signature-v4-multi-region@3.996.46':
    dependencies:
      '@aws-sdk/types': 3.974.5
      '@smithy/signature-v4': 5.7.3
      '@smithy/types': 4.18.0
      tslib: 2.8.1

  '@aws-sdk/token-providers@3.1116.0':
    dependencies:
      '@aws-sdk/core': 3.977.9
      '@aws-sdk/nested-clients': 3.997.44
      '@aws-sdk/types': 3.974.5
      '@smithy/core': 3.33.3
      '@smithy/types': 4.18.0
      tslib: 2.8.1

  '@aws-sdk/types@3.974.5':
    dependencies:
      '@smithy/types': 4.18.0
      tslib: 2.8.1

  '@aws-sdk/xml-builder@3.972.40':
    dependencies:
      '@smithy/types': 4.18.0
      tslib: 2.8.1

  '@aws/lambda-invoke-store@0.3.0': {}

  '@smithy/core@3.33.3':
    dependencies:
      '@smithy/types': 4.18.0
      tslib: 2.8.1

  '@smithy/credential-provider-imds@4.5.2':
    dependencies:
      '@smithy/core': 3.33.3
      '@smithy/types': 4.18.0
      tslib: 2.8.1

  '@smithy/fetch-http-handler@5.8.0':
    dependencies:
      '@smithy/core': 3.33.3
      '@smithy/types': 4.18.0
      tslib: 2.8.1

  '@smithy/node-http-handler@4.12.1':
    dependencies:
      '@smithy/core': 3.33.3
      '@smithy/types': 4.18.0
      tslib: 2.8.1

  '@smithy/signature-v4@5.7.3':
    dependencies:
      '@smithy/core': 3.33.3
      '@smithy/types': 4.18.0
      tslib: 2.8.1

  '@smithy/types@4.18.0':
    dependencies:
      tslib: 2.8.1

  bowser@2.14.1: {}

  pg-cloudflare@1.4.0:
    optional: true

  pg-connection-string@2.14.0: {}

  pg-int8@1.0.1: {}

  pg-pool@3.14.0(pg@8.23.0):
    dependencies:
      pg: 8.23.0

  pg-protocol@1.16.0: {}

  pg-types@2.2.0:
    dependencies:
      pg-int8: 1.0.1
      postgres-array: 2.0.0
      postgres-bytea: 1.0.1
      postgres-date: 1.0.7
      postgres-interval: 1.2.0

  pg@8.23.0:
    dependencies:
      pg-connection-string: 2.14.0
      pg-pool: 3.14.0(pg@8.23.0)
      pg-protocol: 1.16.0
      pg-types: 2.2.0
      pgpass: 1.0.5
    optionalDependencies:
      pg-cloudflare: 1.4.0

  pgpass@1.0.5:
    dependencies:
      split2: 4.2.0

  postgres-array@2.0.0: {}

  postgres-bytea@1.0.1: {}

  postgres-date@1.0.7: {}

  postgres-interval@1.2.0:
    dependencies:
      xtend: 4.0.2

  split2@4.2.0: {}

  tslib@2.8.1: {}

  ws@8.21.3: {}

  xtend@4.0.2: {}

  yunzone-service-kit@0.25.0(zod@4.5.4):
    dependencies:
      '@aws-sdk/client-s3': 3.1127.0
      '@aws-sdk/s3-request-presigner': 3.1127.0
      pg: 8.23.0
      zod: 4.5.4
    transitivePeerDependencies:
      - pg-native

  zod@4.5.4: {}
